{
  "requires": true,
  "lockfileVersion": 1,
  "dependencies": {
    "@react-firebase/auth": {
      "version": "0.2.10",
      "resolved": "https://registry.npmjs.org/@react-firebase/auth/-/auth-0.2.10.tgz",
      "integrity": "sha512-qeRv96HI5Y3nPRwO3Zi4QnYYeJstVu8lDih+QQbTeuadUUngchGw5Tp7dseOY5u3q/+e+kF2hV7BUkfYt7FS8g==",
      "requires": {
        "lodash.get": "^4.4.2",
        "render-and-add-props": "^0.5.0"
      }
    },
    "@react-firebase/database": {
      "version": "0.3.11",
      "resolved": "https://registry.npmjs.org/@react-firebase/database/-/database-0.3.11.tgz",
      "integrity": "sha512-pVOILZwFShciopf/7CC/3rRAWcd1CQ5g0JPkhAWSiMP97fiUiaWtVrnBRtoWVY7kQqyF4G9ZyR/Wm43J9a3ZQA==",
      "requires": {
        "immer": "^1.5.0",
        "lodash": "^4.17.11",
        "render-and-add-props": "^0.5.0"
      }
    },
    "immer": {
      "version": "1.12.1",
      "resolved": "https://registry.npmjs.org/immer/-/immer-1.12.1.tgz",
      "integrity": "sha512-3fmKM6ovaqDt0CdC9daXpNi5x/YCYS3i4cwLdTVkhJdk5jrDXoPs7lCm3IqM3yhfSnz4tjjxbRG2CziQ7m8ztg=="
    },
    "lodash": {
      "version": "4.17.21",
      "resolved": "https://registry.npmjs.org/lodash/-/lodash-4.17.21.tgz",
      "integrity": "sha512-v2kDEe57lecTulaDIuNTPy3Ry4gLGJ6Z1O3vE1krgXZNrsQ+LFTGHVxVjcXPs17LhbZVGedAJv8XZ1tvj5FvSg=="
    },
    "lodash.get": {
      "version": "4.4.2",
      "resolved": "https://registry.npmjs.org/lodash.get/-/lodash.get-4.4.2.tgz",
      "integrity": "sha1-LRd/ZS+jHpObRDjVNBSZ36OCXpk="
    },
    "render-and-add-props": {
      "version": "0.5.0",
      "resolved": "https://registry.npmjs.org/render-and-add-props/-/render-and-add-props-0.5.0.tgz",
      "integrity": "sha512-jIVQsWxGDHwpMcI0d9w6OxF/GCtwL02Lyqk8aGjyF6LyR9GPLY+1ONwPjs6kbQ2d6gTApWk8aprZkBli0tpG/w=="
    }
  }
}
